// !$*UTF8*$!
{
	archiveVersion = 1;
	classes = {
	};
	objectVersion = 46;
	objects = {

/* Begin PBXBuildFile section */
		09D271951E60B1B600576402 /* main.m in Sources */ = {isa = PBXBuildFile; fileRef = 09D271941E60B1B600576402 /* main.m */; };
		09D271981E60B1B600576402 /* AppDelegate.m in Sources */ = {isa = PBXBuildFile; fileRef = 09D271971E60B1B600576402 /* AppDelegate.m */; };
		09D2719B1E60B1B600576402 /* ViewController.m in Sources */ = {isa = PBXBuildFile; fileRef = 09D2719A1E60B1B600576402 /* ViewController.m */; };
		09D2719E1E60B1B600576402 /* Main.storyboard in Resources */ = {isa = PBXBuildFile; fileRef = 09D2719C1E60B1B600576402 /* Main.storyboard */; };
		09D271A01E60B1B600576402 /* Assets.xcassets in Resources */ = {isa = PBXBuildFile; fileRef = 09D2719F1E60B1B600576402 /* Assets.xcassets */; };
		09D271A31E60B1B600576402 /* LaunchScreen.storyboard in Resources */ = {isa = PBXBuildFile; fileRef = 09D271A11E60B1B600576402 /* LaunchScreen.storyboard */; };
		09D271AC1E60B8E200576402 /* SegundaVentanaViewController.swift in Sources */ = {isa = PBXBuildFile; fileRef = 09D271AB1E60B8E200576402 /* SegundaVentanaViewController.swift */; };
		09D271AF1E60BA7200576402 /* DatosModel.m in Sources */ = {isa = PBXBuildFile; fileRef = 09D271AE1E60BA7200576402 /* DatosModel.m */; };
/* End PBXBuildFile section */

/* Begin PBXFileReference section */
		09D271901E60B1B600576402 /* App_integracionOBJC-SWIFT.app */ = {isa = PBXFileReference; explicitFileType = wrapper.application; includeInIndex = 0; path = "App_integracionOBJC-SWIFT.app"; sourceTree = BUILT_PRODUCTS_DIR; };
		09D271941E60B1B600576402 /* main.m */ = {isa = PBXFileReference; lastKnownFileType = sourcecode.c.objc; path = main.m; sourceTree = "<group>"; };
		09D271961E60B1B600576402 /* AppDelegate.h */ = {isa = PBXFileReference; lastKnownFileType = sourcecode.c.h; path = AppDelegate.h; sourceTree = "<group>"; };
		09D271971E60B1B600576402 /* AppDelegate.m */ = {isa = PBXFileReference; lastKnownFileType = sourcecode.c.objc; path = AppDelegate.m; sourceTree = "<group>"; };
		09D271991E60B1B600576402 /* ViewController.h */ = {isa = PBXFileReference; lastKnownFileType = sourcecode.c.h; path = ViewController.h; sourceTree = "<group>"; };
		09D2719A1E60B1B600576402 /* ViewController.m */ = {isa = PBXFileReference; lastKnownFileType = sourcecode.c.objc; path = ViewController.m; sourceTree = "<group>"; };
		09D2719D1E60B1B600576402 /* Base */ = {isa = PBXFileReference; lastKnownFileType = file.storyboard; name = Base; path = Base.lproj/Main.storyboard; sourceTree = "<group>"; };
		09D2719F1E60B1B600576402 /* Assets.xcassets */ = {isa = PBXFileReference; lastKnownFileType = folder.assetcatalog; path = Assets.xcassets; sourceTree = "<group>"; };
		09D271A21E60B1B600576402 /* Base */ = {isa = PBXFileReference; lastKnownFileType = file.storyboard; name = Base; path = Base.lproj/LaunchScreen.storyboard; sourceTree = "<group>"; };
		09D271A41E60B1B600576402 /* Info.plist */ = {isa = PBXFileReference; lastKnownFileType = text.plist.xml; path = Info.plist; sourceTree = "<group>"; };
		09D271AA1E60B8E100576402 /* App_integracionOBJC-SWIFT-Bridging-Header.h */ = {isa = PBXFileReference; lastKnownFileType = sourcecode.c.h; path = "App_integracionOBJC-SWIFT-Bridging-Header.h"; sourceTree = "<group>"; };
		09D271AB1E60B8E200576402 /* SegundaVentanaViewController.swift */ = {isa = PBXFileReference; fileEncoding = 4; lastKnownFileType = sourcecode.swift; path = SegundaVentanaViewController.swift; sourceTree = "<group>"; };
		09D271AD1E60BA7200576402 /* DatosModel.h */ = {isa = PBXFileReference; fileEncoding = 4; lastKnownFileType = sourcecode.c.h; path = DatosModel.h; sourceTree = "<group>"; };
		09D271AE1E60BA7200576402 /* DatosModel.m */ = {isa = PBXFileReference; fileEncoding = 4; lastKnownFileType = sourcecode.c.objc; path = DatosModel.m; sourceTree = "<group>"; };
/* End PBXFileReference section */

/* Begin PBXFrameworksBuildPhase section */
		09D2718D1E60B1B600576402 /* Frameworks */ = {
			isa = PBXFrameworksBuildPhase;
			buildActionMask = 2147483647;
			files = (
			);
			runOnlyForDeploymentPostprocessing = 0;
		};
/* End PBXFrameworksBuildPhase section */

/* Begin PBXGroup section */
		09D271871E60B1B600576402 = {
			isa = PBXGroup;
			children = (
				09D271921E60B1B600576402 /* App_integracionOBJC-SWIFT */,
				09D271911E60B1B600576402 /* Products */,
			);
			sourceTree = "<group>";
		};
		09D271911E60B1B600576402 /* Products */ = {
			isa = PBXGroup;
			children = (
				09D271901E60B1B600576402 /* App_integracionOBJC-SWIFT.app */,
			);
			name = Products;
			sourceTree = "<group>";
		};
		09D271921E60B1B600576402 /* App_integracionOBJC-SWIFT */ = {
			isa = PBXGroup;
			children = (
				09D271961E60B1B600576402 /* AppDelegate.h */,
				09D271AB1E60B8E200576402 /* SegundaVentanaViewController.swift */,
				09D271971E60B1B600576402 /* AppDelegate.m */,
				09D271991E60B1B600576402 /* ViewController.h */,
				09D2719A1E60B1B600576402 /* ViewController.m */,
				09D271AD1E60BA7200576402 /* DatosModel.h */,
				09D271AE1E60BA7200576402 /* DatosModel.m */,
				09D2719C1E60B1B600576402 /* Main.storyboard */,
				09D2719F1E60B1B600576402 /* Assets.xcassets */,
				09D271A11E60B1B600576402 /* LaunchScreen.storyboard */,
				09D271A41E60B1B600576402 /* Info.plist */,
				09D271931E60B1B600576402 /* Supporting Files */,
				09D271AA1E60B8E100576402 /* App_integracionOBJC-SWIFT-Bridging-Header.h */,
			);
			path = "App_integracionOBJC-SWIFT";
			sourceTree = "<group>";
		};
		09D271931E60B1B600576402 /* Supporting Files */ = {
			isa = PBXGroup;
			children = (
				09D271941E60B1B600576402 /* main.m */,
			);
			name = "Supporting Files";
			sourceTree = "<group>";
		};
/* End PBXGroup section */

/* Begin PBXNativeTarget section */
		09D2718F1E60B1B600576402 /* App_integracionOBJC-SWIFT */ = {
			isa = PBXNativeTarget;
			buildConfigurationList = 09D271A71E60B1B600576402 /* Build configuration list for PBXNativeTarget "App_integracionOBJC-SWIFT" */;
			buildPhases = (
				09D2718C1E60B1B600576402 /* Sources */,
				09D2718D1E60B1B600576402 /* Frameworks */,
				09D2718E1E60B1B600576402 /* Resources */,
			);
			buildRules = (
			);
			dependencies = (
			);
			name = "App_integracionOBJC-SWIFT";
			productName = "App_integracionOBJC-SWIFT";
			productReference = 09D271901E60B1B600576402 /* App_integracionOBJC-SWIFT.app */;
			productType = "com.apple.product-type.application";
		};
/* End PBXNativeTarget section */

/* Begin PBXProject section */
		09D271881E60B1B600576402 /* Project object */ = {
			isa = PBXProject;
			attributes = {
				LastUpgradeCheck = 0820;
				ORGANIZATIONNAME = "David Márquez Delgado";
				TargetAttributes = {
					09D2718F1E60B1B600576402 = {
						CreatedOnToolsVersion = 8.2.1;
						LastSwiftMigration = 0820;
						ProvisioningStyle = Automatic;
					};
				};
			};
			buildConfigurationList = 09D2718B1E60B1B600576402 /* Build configuration list for PBXProject "App_integracionOBJC-SWIFT" */;
			compatibilityVersion = "Xcode 3.2";
			developmentRegion = English;
			hasScannedForEncodings = 0;
			knownRegions = (
				en,
				Base,
			);
			mainGroup = 09D271871E60B1B600576402;
			productRefGroup = 09D271911E60B1B600576402 /* Products */;
			projectDirPath = "";
			projectRoot = "";
			targets = (
				09D2718F1E60B1B600576402 /* App_integracionOBJC-SWIFT */,
			);
		};
/* End PBXProject section */

/* Begin PBXResourcesBuildPhase section */
		09D2718E1E60B1B600576402 /* Resources */ = {
			isa = PBXResourcesBuildPhase;
			buildActionMask = 2147483647;
			files = (
				09D271A31E60B1B600576402 /* LaunchScreen.storyboard in Resources */,
				09D271A01E60B1B600576402 /* Assets.xcassets in Resources */,
				09D2719E1E60B1B600576402 /* Main.storyboard in Resources */,
			);
			runOnlyForDeploymentPostprocessing = 0;
		};
/* End PBXResourcesBuildPhase section */

/* Begin PBXSourcesBuildPhase section */
		09D2718C1E60B1B600576402 /* Sources */ = {
			isa = PBXSourcesBuildPhase;
			buildActionMask = 2147483647;
			files = (
				09D271AC1E60B8E200576402 /* SegundaVentanaViewController.swift in Sources */,
				09D2719B1E60B1B600576402 /* ViewController.m in Sources */,
				09D271AF1E60BA7200576402 /* DatosModel.m in Sources */,
				09D271981E60B1B600576402 /* AppDelegate.m in Sources */,
				09D271951E60B1B600576402 /* main.m in Sources */,
			);
			runOnlyForDeploymentPostprocessing = 0;
		};
/* End PBXSourcesBuildPhase section */

/* Begin PBXVariantGroup section */
		09D2719C1E60B1B600576402 /* Main.storyboard */ = {
			isa = PBXVariantGroup;
			children = (
				09D2719D1E60B1B600576402 /* Base */,
			);
			name = Main.storyboard;
			sourceTree = "<group>";
		};
		09D271A11E60B1B600576402 /* LaunchScreen.storyboard */ = {
			isa = PBXVariantGroup;
			children = (
				09D271A21E60B1B600576402 /* Base */,
			);
			name = LaunchScreen.storyboard;
			sourceTree = "<group>";
		};
/* End PBXVariantGroup section */

/* Begin XCBuildConfiguration section */
		09D271A51E60B1B600576402 /* Debug */ = {
			isa = XCBuildConfiguration;
			buildSettings = {
				ALWAYS_SEARCH_USER_PATHS = NO;
				CLANG_ANALYZER_NONNULL = YES;
				CLANG_CXX_LANGUAGE_STANDARD = "gnu++0x";
				CLANG_CXX_LIBRARY = "libc++";
				CLANG_ENABLE_MODULES = YES;
				CLANG_ENABLE_OBJC_ARC = YES;
				CLANG_WARN_BOOL_CONVERSION = YES;
				CLANG_WARN_CONSTANT_CONVERSION = YES;
				CLANG_WARN_DIRECT_OBJC_ISA_USAGE = YES_ERROR;
				CLANG_WARN_DOCUMENTATION_COMMENTS = YES;
				CLANG_WARN_EMPTY_BODY = YES;
				CLANG_WARN_ENUM_CONVERSION = YES;
				CLANG_WARN_INFINITE_RECURSION = YES;
				CLANG_WARN_INT_CONVERSION = YES;
				CLANG_WARN_OBJC_ROOT_CLASS = YES_ERROR;
				CLANG_WARN_SUSPICIOUS_MOVE = YES;
				CLANG_WARN_UNREACHABLE_CODE = YES;
				CLANG_WARN__DUPLICATE_METHOD_MATCH = YES;
				"CODE_SIGN_IDENTITY[sdk=iphoneos*]" = "iPhone Developer";
				COPY_PHASE_STRIP = NO;
				DEBUG_INFORMATION_FORMAT = dwarf;
				ENABLE_STRICT_OBJC_MSGSEND = YES;
				ENABLE_TESTABILITY = YES;
				GCC_C_LANGUAGE_STANDARD = gnu99;
				GCC_DYNAMIC_NO_PIC = NO;
				GCC_NO_COMMON_BLOCKS = YES;
				GCC_OPTIMIZATION_LEVEL = 0;
				GCC_PREPROCESSOR_DEFINITIONS = (
					"DEBUG=1",
					"$(inherited)",
				);
				GCC_WARN_64_TO_32_BIT_CONVERSION = YES;
				GCC_WARN_ABOUT_RETURN_TYPE = YES_ERROR;
				GCC_WARN_UNDECLARED_SELECTOR = YES;
				GCC_WARN_UNINITIALIZED_AUTOS = YES_AGGRESSIVE;
				GCC_WARN_UNUSED_FUNCTION = YES;
				GCC_WARN_UNUSED_VARIABLE = YES;
				IPHONEOS_DEPLOYMENT_TARGET = 10.2;
				MTL_ENABLE_DEBUG_INFO = YES;
				ONLY_ACTIVE_ARCH = YES;
				SDKROOT = iphoneos;
			};
			name = Debug;
		};
		09D271A61E60B1B600576402 /* Release */ = {
			isa = XCBuildConfiguration;
			buildSettings = {
				ALWAYS_SEARCH_USER_PATHS = NO;
				CLANG_ANALYZER_NONNULL = YES;
				CLANG_CXX_LANGUAGE_STANDARD = "gnu++0x";
				CLANG_CXX_LIBRARY = "libc++";
				CLANG_ENABLE_MODULES = YES;
				CLANG_ENABLE_OBJC_ARC = YES;
				CLANG_WARN_BOOL_CONVERSION = YES;
				CLANG_WARN_CONSTANT_CONVERSION = YES;
				CLANG_WARN_DIRECT_OBJC_ISA_USAGE = YES_ERROR;
				CLANG_WARN_DOCUMENTATION_COMMENTS = YES;
				CLANG_WARN_EMPTY_BODY = YES;
				CLANG_WARN_ENUM_CONVERSION = YES;
				CLANG_WARN_INFINITE_RECURSION = YES;
				CLANG_WARN_INT_CONVERSION = YES;
				CLANG_WARN_OBJC_ROOT_CLASS = YES_ERROR;
				CLANG_WARN_SUSPICIOUS_MOVE = YES;
				CLANG_WARN_UNREACHABLE_CODE = YES;
				CLANG_WARN__DUPLICATE_METHOD_MATCH = YES;
				"CODE_SIGN_IDENTITY[sdk=iphoneos*]" = "iPhone Developer";
				COPY_PHASE_STRIP = NO;
				DEBUG_INFORMATION_FORMAT = "dwarf-with-dsym";
				ENABLE_NS_ASSERTIONS = NO;
				ENABLE_STRICT_OBJC_MSGSEND = YES;
				GCC_C_LANGUAGE_STANDARD = gnu99;
				GCC_NO_COMMON_BLOCKS = YES;
				GCC_WARN_64_TO_32_BIT_CONVERSION = YES;
				GCC_WARN_ABOUT_RETURN_TYPE = YES_ERROR;
				GCC_WARN_UNDECLARED_SELECTOR = YES;
				GCC_WARN_UNINITIALIZED_AUTOS = YES_AGGRESSIVE;
				GCC_WARN_UNUSED_FUNCTION = YES;
				GCC_WARN_UNUSED_VARIABLE = YES;
				IPHONEOS_DEPLOYMENT_TARGET = 10.2;
				MTL_ENABLE_DEBUG_INFO = NO;
				SDKROOT = iphoneos;
				VALIDATE_PRODUCT = YES;
			};
			name = Release;
		};
		09D271A81E60B1B600576402 /* Debug */ = {
			isa = XCBuildConfiguration;
			buildSettings = {
				ASSETCATALOG_COMPILER_APPICON_NAME = AppIcon;
				CLANG_ENABLE_MODULES = YES;
				INFOPLIST_FILE = "App_integracionOBJC-SWIFT/Info.plist";
				LD_RUNPATH_SEARCH_PATHS = "$(inherited) @executable_path/Frameworks";
				PRODUCT_BUNDLE_IDENTIFIER = "dmd.com.App-integracionOBJC-SWIFT";
				PRODUCT_NAME = "$(TARGET_NAME)";
				SWIFT_OBJC_BRIDGING_HEADER = "App_integracionOBJC-SWIFT/App_integracionOBJC-SWIFT-Bridging-Header.h";
				SWIFT_OPTIMIZATION_LEVEL = "-Onone";
				SWIFT_VERSION = 3.0;
			};
			name = Debug;
		};
		09D271A91E60B1B600576402 /* Release */ = {
			isa = XCBuildConfiguration;
			buildSettings = {
				ASSETCATALOG_COMPILER_APPICON_NAME = AppIcon;
				CLANG_ENABLE_MODULES = YES;
				INFOPLIST_FILE = "App_integracionOBJC-SWIFT/Info.plist";
				LD_RUNPATH_SEARCH_PATHS = "$(inherited) @executable_path/Frameworks";
				PRODUCT_BUNDLE_IDENTIFIER = "dmd.com.App-integracionOBJC-SWIFT";
				PRODUCT_NAME = "$(TARGET_NAME)";
				SWIFT_OBJC_BRIDGING_HEADER = "App_integracionOBJC-SWIFT/App_integracionOBJC-SWIFT-Bridging-Header.h";
				SWIFT_VERSION = 3.0;
			};
			name = Release;
		};
/* End XCBuildConfiguration section */

/* Begin XCConfigurationList section */
		09D2718B1E60B1B600576402 /* Build configuration list for PBXProject "App_integracionOBJC-SWIFT" */ = {
			isa = XCConfigurationList;
			buildConfigurations = (
				09D271A51E60B1B600576402 /* Debug */,
				09D271A61E60B1B600576402 /* Release */,
			);
			defaultConfigurationIsVisible = 0;
			defaultConfigurationName = Release;
		};
		09D271A71E60B1B600576402 /* Build configuration list for PBXNativeTarget "App_integracionOBJC-SWIFT" */ = {
			isa = XCConfigurationList;
			buildConfigurations = (
				09D271A81E60B1B600576402 /* Debug */,
				09D271A91E60B1B600576402 /* Release */,
			);
			defaultConfigurationIsVisible = 0;
			defaultConfigurationName = Release;
		};
/* End XCConfigurationList section */
	};
	rootObject = 09D271881E60B1B600576402 /* Project object */;
}
