// !$*UTF8*$!
{
	archiveVersion = 1;
	classes = {
	};
	objectVersion = 46;
	objects = {

/* Begin PBXBuildFile section */
		B9524F47EF6DD6F2FBDE55F4 /* Pods_sell_it_easy.framework in Frameworks */ = {isa = PBXBuildFile; fileRef = DE94BD2C86AC778C605C1288 /* Pods_sell_it_easy.framework */; };
		E50E8A001F1A055400C81338 /* CeldaFecha.xib in Resources */ = {isa = PBXBuildFile; fileRef = E50E89FE1F1A055400C81338 /* CeldaFecha.xib */; };
		E50E8A031F1A08D900C81338 /* DMDCeldaFecha.swift in Sources */ = {isa = PBXBuildFile; fileRef = E50E8A021F1A08D900C81338 /* DMDCeldaFecha.swift */; };
		E51ABA5C1EC7C34C008C2E6C /* AppDelegate.swift in Sources */ = {isa = PBXBuildFile; fileRef = E51ABA5B1EC7C34C008C2E6C /* AppDelegate.swift */; };
		E51ABA611EC7C34C008C2E6C /* Main.storyboard in Resources */ = {isa = PBXBuildFile; fileRef = E51ABA5F1EC7C34C008C2E6C /* Main.storyboard */; };
		E51ABA691EC7C34C008C2E6C /* LaunchScreen.storyboard in Resources */ = {isa = PBXBuildFile; fileRef = E51ABA671EC7C34C008C2E6C /* LaunchScreen.storyboard */; };
		E51ABA741EC7C6C4008C2E6C /* SWRevealViewController.m in Sources */ = {isa = PBXBuildFile; fileRef = E51ABA721EC7C6C4008C2E6C /* SWRevealViewController.m */; };
		E51ABA841EC8359E008C2E6C /* Alamofire.framework in Frameworks */ = {isa = PBXBuildFile; fileRef = E51ABA7A1EC8359E008C2E6C /* Alamofire.framework */; };
		E51ABA851EC8359E008C2E6C /* Bolts.framework in Frameworks */ = {isa = PBXBuildFile; fileRef = E51ABA7B1EC8359E008C2E6C /* Bolts.framework */; };
		E51ABA861EC8359E008C2E6C /* CryptoSwift.framework in Frameworks */ = {isa = PBXBuildFile; fileRef = E51ABA7C1EC8359E008C2E6C /* CryptoSwift.framework */; };
		E51ABA871EC8359E008C2E6C /* ExpandingMenu.framework in Frameworks */ = {isa = PBXBuildFile; fileRef = E51ABA7D1EC8359E008C2E6C /* ExpandingMenu.framework */; };
		E51ABA881EC8359E008C2E6C /* Kingfisher.framework in Frameworks */ = {isa = PBXBuildFile; fileRef = E51ABA7E1EC8359E008C2E6C /* Kingfisher.framework */; };
		E51ABA891EC8359E008C2E6C /* Parse.framework in Frameworks */ = {isa = PBXBuildFile; fileRef = E51ABA7F1EC8359E008C2E6C /* Parse.framework */; };
		E51ABA8A1EC8359E008C2E6C /* PKHUD.framework in Frameworks */ = {isa = PBXBuildFile; fileRef = E51ABA801EC8359E008C2E6C /* PKHUD.framework */; };
		E51ABA8B1EC8359E008C2E6C /* PromiseKit.framework in Frameworks */ = {isa = PBXBuildFile; fileRef = E51ABA811EC8359E008C2E6C /* PromiseKit.framework */; };
		E51ABA8C1EC8359E008C2E6C /* ReachabilitySwift.framework in Frameworks */ = {isa = PBXBuildFile; fileRef = E51ABA821EC8359E008C2E6C /* ReachabilitySwift.framework */; };
		E51ABA8D1EC8359E008C2E6C /* SwiftyJSON.framework in Frameworks */ = {isa = PBXBuildFile; fileRef = E51ABA831EC8359E008C2E6C /* SwiftyJSON.framework */; };
		E51ABA8F1EC83DB1008C2E6C /* Utils.swift in Sources */ = {isa = PBXBuildFile; fileRef = E51ABA8E1EC83DB1008C2E6C /* Utils.swift */; };
		E52F23961F1B835500FF24D1 /* DMDSelectorFecha.swift in Sources */ = {isa = PBXBuildFile; fileRef = E52F23951F1B835500FF24D1 /* DMDSelectorFecha.swift */; };
		E53E20C11EC846C000130DEB /* Assets.xcassets in Resources */ = {isa = PBXBuildFile; fileRef = E53E20C01EC846C000130DEB /* Assets.xcassets */; };
		E53E20C31EC8497600130DEB /* DMDCajaRegistradoraTableViewController.swift in Sources */ = {isa = PBXBuildFile; fileRef = E53E20C21EC8497600130DEB /* DMDCajaRegistradoraTableViewController.swift */; };
		E53E20C71EC84C1B00130DEB /* DMDListaProductos.swift in Sources */ = {isa = PBXBuildFile; fileRef = E53E20C61EC84C1B00130DEB /* DMDListaProductos.swift */; };
		E53E20CD1EC85C1400130DEB /* UIViewControllerExts.swift in Sources */ = {isa = PBXBuildFile; fileRef = E53E20CC1EC85C1400130DEB /* UIViewControllerExts.swift */; };
		E53E20CF1EC85E6F00130DEB /* Constantes.swift in Sources */ = {isa = PBXBuildFile; fileRef = E53E20CE1EC85E6F00130DEB /* Constantes.swift */; };
		E53E20D21EC8641400130DEB /* CoreDataStack.swift in Sources */ = {isa = PBXBuildFile; fileRef = E53E20D11EC8641400130DEB /* CoreDataStack.swift */; };
		E53E20D41EC865F600130DEB /* ProductoRepository.swift in Sources */ = {isa = PBXBuildFile; fileRef = E53E20D31EC865F600130DEB /* ProductoRepository.swift */; };
		E53E20D71EC8767F00130DEB /* listadoProductoCelda.swift in Sources */ = {isa = PBXBuildFile; fileRef = E53E20D51EC8767F00130DEB /* listadoProductoCelda.swift */; };
		E53E20D81EC8767F00130DEB /* listadoProductoCelda.xib in Resources */ = {isa = PBXBuildFile; fileRef = E53E20D61EC8767F00130DEB /* listadoProductoCelda.xib */; };
		E57B0BE91ED059380007A96C /* CarbonKit.framework in Frameworks */ = {isa = PBXBuildFile; fileRef = E57B0BE71ED059380007A96C /* CarbonKit.framework */; };
		E57B0BEA1ED059380007A96C /* Charts.framework in Frameworks */ = {isa = PBXBuildFile; fileRef = E57B0BE81ED059380007A96C /* Charts.framework */; };
		E57B0BED1ED059C70007A96C /* DMDEstadisticas.swift in Sources */ = {isa = PBXBuildFile; fileRef = E57B0BEC1ED059C70007A96C /* DMDEstadisticas.swift */; };
		E57B0BFC1ED1856C0007A96C /* FSCalendar.framework in Frameworks */ = {isa = PBXBuildFile; fileRef = E57B0BFB1ED1856C0007A96C /* FSCalendar.framework */; };
		E57B0BFF1ED185F90007A96C /* DMDCalendario.swift in Sources */ = {isa = PBXBuildFile; fileRef = E57B0BFE1ED185F90007A96C /* DMDCalendario.swift */; };
		E57B0C021ED1C1110007A96C /* DMDLauncher.swift in Sources */ = {isa = PBXBuildFile; fileRef = E57B0C011ED1C1110007A96C /* DMDLauncher.swift */; };
		E57B0C051ED1C5D20007A96C /* DMDLogin.swift in Sources */ = {isa = PBXBuildFile; fileRef = E57B0C041ED1C5D20007A96C /* DMDLogin.swift */; };
		E57B0C091ED1C9100007A96C /* Money30s.mp4 in Resources */ = {isa = PBXBuildFile; fileRef = E57B0C081ED1C9100007A96C /* Money30s.mp4 */; };
		E5BF8CEA1F1A96E70018A519 /* CeldaTipos.swift in Sources */ = {isa = PBXBuildFile; fileRef = E5BF8CE91F1A96E70018A519 /* CeldaTipos.swift */; };
		E5C8E81E1EC9BD2700355E0D /* DMDListaRecibirPedido.swift in Sources */ = {isa = PBXBuildFile; fileRef = E5C8E81D1EC9BD2700355E0D /* DMDListaRecibirPedido.swift */; };
		E5C8E8201EC9BDF700355E0D /* DMDListaRecibirPedidoCelda.swift in Sources */ = {isa = PBXBuildFile; fileRef = E5C8E81F1EC9BDF700355E0D /* DMDListaRecibirPedidoCelda.swift */; };
		E5C8E8221ECA069600355E0D /* ListaProductosRepository.swift in Sources */ = {isa = PBXBuildFile; fileRef = E5C8E8211ECA069600355E0D /* ListaProductosRepository.swift */; };
		E5C8E8251ECA10C200355E0D /* DMDHistoricos.swift in Sources */ = {isa = PBXBuildFile; fileRef = E5C8E8241ECA10C200355E0D /* DMDHistoricos.swift */; };
		E5C8E8271ECA203900355E0D /* DMDHistoricoRecepciones.swift in Sources */ = {isa = PBXBuildFile; fileRef = E5C8E8261ECA203800355E0D /* DMDHistoricoRecepciones.swift */; };
		E5CB12FC1F3F1E1D005D15A8 /* DMDCeldaPerfil.swift in Sources */ = {isa = PBXBuildFile; fileRef = E5CB12FB1F3F1E1D005D15A8 /* DMDCeldaPerfil.swift */; };
		E5CB12FE1F3F215A005D15A8 /* DMDCeldaCodigoBarras.swift in Sources */ = {isa = PBXBuildFile; fileRef = E5CB12FD1F3F215A005D15A8 /* DMDCeldaCodigoBarras.swift */; };
		E5CB13021F3F2178005D15A8 /* CeldaCodigoBarras.xib in Resources */ = {isa = PBXBuildFile; fileRef = E5CB13001F3F2178005D15A8 /* CeldaCodigoBarras.xib */; };
		E5DE8E061F199C6F00DE80F3 /* CeldaTexto.xib in Resources */ = {isa = PBXBuildFile; fileRef = E5DE8E041F199C6F00DE80F3 /* CeldaTexto.xib */; };
		E5DE8E081F19A7A100DE80F3 /* DMDCeldaTexto.swift in Sources */ = {isa = PBXBuildFile; fileRef = E5DE8E071F19A7A100DE80F3 /* DMDCeldaTexto.swift */; };
		E5E6D58C1F1C0ED500EF77A3 /* CeldaPerfil.xib in Resources */ = {isa = PBXBuildFile; fileRef = E5E6D58A1F1C0ED500EF77A3 /* CeldaPerfil.xib */; };
		E5EAB5871EC8E3460016D86C /* DMDListadoTiendas.swift in Sources */ = {isa = PBXBuildFile; fileRef = E5EAB5861EC8E3460016D86C /* DMDListadoTiendas.swift */; };
		E5EAB58B1EC8EAD20016D86C /* TiendaRepository.swift in Sources */ = {isa = PBXBuildFile; fileRef = E5EAB58A1EC8EAD20016D86C /* TiendaRepository.swift */; };
		E5EAB58E1EC8EE390016D86C /* DMDListadoTiendaCelda.swift in Sources */ = {isa = PBXBuildFile; fileRef = E5EAB58C1EC8EE390016D86C /* DMDListadoTiendaCelda.swift */; };
		E5EAB58F1EC8EE390016D86C /* DMDListadoTiendaCelda.xib in Resources */ = {isa = PBXBuildFile; fileRef = E5EAB58D1EC8EE390016D86C /* DMDListadoTiendaCelda.xib */; };
		E5EAB59F1EC9160B0016D86C /* DMDEscanerTabla.swift in Sources */ = {isa = PBXBuildFile; fileRef = E5EAB59E1EC9160B0016D86C /* DMDEscanerTabla.swift */; };
		E5EAB5A11EC916110016D86C /* DMDEscanerQR.swift in Sources */ = {isa = PBXBuildFile; fileRef = E5EAB5A01EC916110016D86C /* DMDEscanerQR.swift */; };
		E5EAB5A31EC916180016D86C /* DMDInventarioCelda.swift in Sources */ = {isa = PBXBuildFile; fileRef = E5EAB5A21EC916180016D86C /* DMDInventarioCelda.swift */; };
		E5EAB5A71EC917550016D86C /* beep.mp3 in Resources */ = {isa = PBXBuildFile; fileRef = E5EAB5A61EC917550016D86C /* beep.mp3 */; };
		E5F091871F198BB20051FFBD /* DMDTablaDinamicaCG.swift in Sources */ = {isa = PBXBuildFile; fileRef = E5F091861F198BB20051FFBD /* DMDTablaDinamicaCG.swift */; };
		E5F091891F198D670051FFBD /* DMDTablaDataCG.swift in Sources */ = {isa = PBXBuildFile; fileRef = E5F091881F198D670051FFBD /* DMDTablaDataCG.swift */; };
		E5F0918B1F19957B0051FFBD /* DummyTablaDataCG.swift in Sources */ = {isa = PBXBuildFile; fileRef = E5F0918A1F19957B0051FFBD /* DummyTablaDataCG.swift */; };
		E5FCEDC41F406E4E000D1FFB /* DMDSelector.swift in Sources */ = {isa = PBXBuildFile; fileRef = E5FCEDC31F406E4E000D1FFB /* DMDSelector.swift */; };
		E5FCEDC61F40738C000D1FFB /* DMDCeldaSelector.swift in Sources */ = {isa = PBXBuildFile; fileRef = E5FCEDC51F40738C000D1FFB /* DMDCeldaSelector.swift */; };
		E5FCEDC81F4073AC000D1FFB /* CeldaSelector.xib in Resources */ = {isa = PBXBuildFile; fileRef = E5FCEDC71F4073AC000D1FFB /* CeldaSelector.xib */; };
		E5FCEDCB1F407F48000D1FFB /* DMDCeldaTextoLargo.swift in Sources */ = {isa = PBXBuildFile; fileRef = E5FCEDCA1F407F48000D1FFB /* DMDCeldaTextoLargo.swift */; };
		E5FCEDCE1F407F94000D1FFB /* CeldaTextoLargo.xib in Resources */ = {isa = PBXBuildFile; fileRef = E5FCEDCD1F407F94000D1FFB /* CeldaTextoLargo.xib */; };
		E5FCEDD01F40808A000D1FFB /* DMDTextoLargo.swift in Sources */ = {isa = PBXBuildFile; fileRef = E5FCEDCF1F40808A000D1FFB /* DMDTextoLargo.swift */; };
		E5FCEDD41F40B6A9000D1FFB /* OrganizacionService.swift in Sources */ = {isa = PBXBuildFile; fileRef = E5FCEDD31F40B6A9000D1FFB /* OrganizacionService.swift */; };
		E5FCEDD61F40B8CE000D1FFB /* UsuarioService.swift in Sources */ = {isa = PBXBuildFile; fileRef = E5FCEDD51F40B8CE000D1FFB /* UsuarioService.swift */; };
		E5FCEDD91F40C172000D1FFB /* Usuario.swift in Sources */ = {isa = PBXBuildFile; fileRef = E5FCEDD81F40C172000D1FFB /* Usuario.swift */; };
		E5FCEDDB1F40C252000D1FFB /* Producto.swift in Sources */ = {isa = PBXBuildFile; fileRef = E5FCEDDA1F40C252000D1FFB /* Producto.swift */; };
		E5FCEDDD1F40C30A000D1FFB /* Tienda.swift in Sources */ = {isa = PBXBuildFile; fileRef = E5FCEDDC1F40C30A000D1FFB /* Tienda.swift */; };
		E5FCEDE01F40C453000D1FFB /* sell_it_easy.xcdatamodeld in Sources */ = {isa = PBXBuildFile; fileRef = E5FCEDDE1F40C453000D1FFB /* sell_it_easy.xcdatamodeld */; };
/* End PBXBuildFile section */

/* Begin PBXFileReference section */
		6559D8BC86A905B002DC984C /* Pods-sell.it.easy.release.xcconfig */ = {isa = PBXFileReference; includeInIndex = 1; lastKnownFileType = text.xcconfig; name = "Pods-sell.it.easy.release.xcconfig"; path = "Pods/Target Support Files/Pods-sell.it.easy/Pods-sell.it.easy.release.xcconfig"; sourceTree = "<group>"; };
		C0EDF73154F751C88D6D4907 /* Pods-sell.it.easy.debug.xcconfig */ = {isa = PBXFileReference; includeInIndex = 1; lastKnownFileType = text.xcconfig; name = "Pods-sell.it.easy.debug.xcconfig"; path = "Pods/Target Support Files/Pods-sell.it.easy/Pods-sell.it.easy.debug.xcconfig"; sourceTree = "<group>"; };
		DE94BD2C86AC778C605C1288 /* Pods_sell_it_easy.framework */ = {isa = PBXFileReference; explicitFileType = wrapper.framework; includeInIndex = 0; path = Pods_sell_it_easy.framework; sourceTree = BUILT_PRODUCTS_DIR; };
		E50E89FE1F1A055400C81338 /* CeldaFecha.xib */ = {isa = PBXFileReference; fileEncoding = 4; lastKnownFileType = file.xib; path = CeldaFecha.xib; sourceTree = "<group>"; };
		E50E8A021F1A08D900C81338 /* DMDCeldaFecha.swift */ = {isa = PBXFileReference; fileEncoding = 4; lastKnownFileType = sourcecode.swift; path = DMDCeldaFecha.swift; sourceTree = "<group>"; };
		E51ABA581EC7C34C008C2E6C /* sell.it.easy.app */ = {isa = PBXFileReference; explicitFileType = wrapper.application; includeInIndex = 0; path = sell.it.easy.app; sourceTree = BUILT_PRODUCTS_DIR; };
		E51ABA5B1EC7C34C008C2E6C /* AppDelegate.swift */ = {isa = PBXFileReference; lastKnownFileType = sourcecode.swift; path = AppDelegate.swift; sourceTree = "<group>"; };
		E51ABA601EC7C34C008C2E6C /* Base */ = {isa = PBXFileReference; lastKnownFileType = file.storyboard; name = Base; path = Base.lproj/Main.storyboard; sourceTree = "<group>"; };
		E51ABA681EC7C34C008C2E6C /* Base */ = {isa = PBXFileReference; lastKnownFileType = file.storyboard; name = Base; path = Base.lproj/LaunchScreen.storyboard; sourceTree = "<group>"; };
		E51ABA6A1EC7C34C008C2E6C /* Info.plist */ = {isa = PBXFileReference; lastKnownFileType = text.plist.xml; path = Info.plist; sourceTree = "<group>"; };
		E51ABA701EC7C6C3008C2E6C /* sell.it.easy-Bridging-Header.h */ = {isa = PBXFileReference; lastKnownFileType = sourcecode.c.h; path = "sell.it.easy-Bridging-Header.h"; sourceTree = "<group>"; };
		E51ABA711EC7C6C4008C2E6C /* SWRevealViewController.h */ = {isa = PBXFileReference; fileEncoding = 4; lastKnownFileType = sourcecode.c.h; path = SWRevealViewController.h; sourceTree = "<group>"; };
		E51ABA721EC7C6C4008C2E6C /* SWRevealViewController.m */ = {isa = PBXFileReference; fileEncoding = 4; lastKnownFileType = sourcecode.c.objc; path = SWRevealViewController.m; sourceTree = "<group>"; };
		E51ABA7A1EC8359E008C2E6C /* Alamofire.framework */ = {isa = PBXFileReference; lastKnownFileType = wrapper.framework; name = Alamofire.framework; path = "../../../../../../../../Library/Developer/Xcode/DerivedData/sell.it.easy-heygsslojucpwafszsyurjuonahk/Build/Products/Debug-iphonesimulator/Alamofire/Alamofire.framework"; sourceTree = "<group>"; };
		E51ABA7B1EC8359E008C2E6C /* Bolts.framework */ = {isa = PBXFileReference; lastKnownFileType = wrapper.framework; name = Bolts.framework; path = "../../../../../../../../Library/Developer/Xcode/DerivedData/sell.it.easy-heygsslojucpwafszsyurjuonahk/Build/Products/Debug-iphonesimulator/Bolts/Bolts.framework"; sourceTree = "<group>"; };
		E51ABA7C1EC8359E008C2E6C /* CryptoSwift.framework */ = {isa = PBXFileReference; lastKnownFileType = wrapper.framework; name = CryptoSwift.framework; path = "../../../../../../../../Library/Developer/Xcode/DerivedData/sell.it.easy-heygsslojucpwafszsyurjuonahk/Build/Products/Debug-iphonesimulator/CryptoSwift/CryptoSwift.framework"; sourceTree = "<group>"; };
		E51ABA7D1EC8359E008C2E6C /* ExpandingMenu.framework */ = {isa = PBXFileReference; lastKnownFileType = wrapper.framework; name = ExpandingMenu.framework; path = "../../../../../../../../Library/Developer/Xcode/DerivedData/sell.it.easy-heygsslojucpwafszsyurjuonahk/Build/Products/Debug-iphonesimulator/ExpandingMenu/ExpandingMenu.framework"; sourceTree = "<group>"; };
		E51ABA7E1EC8359E008C2E6C /* Kingfisher.framework */ = {isa = PBXFileReference; lastKnownFileType = wrapper.framework; name = Kingfisher.framework; path = "../../../../../../../../Library/Developer/Xcode/DerivedData/sell.it.easy-heygsslojucpwafszsyurjuonahk/Build/Products/Debug-iphonesimulator/Kingfisher/Kingfisher.framework"; sourceTree = "<group>"; };
		E51ABA7F1EC8359E008C2E6C /* Parse.framework */ = {isa = PBXFileReference; lastKnownFileType = wrapper.framework; name = Parse.framework; path = "../../../../../../../../Library/Developer/Xcode/DerivedData/sell.it.easy-heygsslojucpwafszsyurjuonahk/Build/Products/Debug-iphonesimulator/Parse/Parse.framework"; sourceTree = "<group>"; };
		E51ABA801EC8359E008C2E6C /* PKHUD.framework */ = {isa = PBXFileReference; lastKnownFileType = wrapper.framework; name = PKHUD.framework; path = "../../../../../../../../Library/Developer/Xcode/DerivedData/sell.it.easy-heygsslojucpwafszsyurjuonahk/Build/Products/Debug-iphonesimulator/PKHUD/PKHUD.framework"; sourceTree = "<group>"; };
		E51ABA811EC8359E008C2E6C /* PromiseKit.framework */ = {isa = PBXFileReference; lastKnownFileType = wrapper.framework; name = PromiseKit.framework; path = "../../../../../../../../Library/Developer/Xcode/DerivedData/sell.it.easy-heygsslojucpwafszsyurjuonahk/Build/Products/Debug-iphonesimulator/PromiseKit/PromiseKit.framework"; sourceTree = "<group>"; };
		E51ABA821EC8359E008C2E6C /* ReachabilitySwift.framework */ = {isa = PBXFileReference; lastKnownFileType = wrapper.framework; name = ReachabilitySwift.framework; path = "../../../../../../../../Library/Developer/Xcode/DerivedData/sell.it.easy-heygsslojucpwafszsyurjuonahk/Build/Products/Debug-iphonesimulator/ReachabilitySwift/ReachabilitySwift.framework"; sourceTree = "<group>"; };
		E51ABA831EC8359E008C2E6C /* SwiftyJSON.framework */ = {isa = PBXFileReference; lastKnownFileType = wrapper.framework; name = SwiftyJSON.framework; path = "../../../../../../../../Library/Developer/Xcode/DerivedData/sell.it.easy-heygsslojucpwafszsyurjuonahk/Build/Products/Debug-iphonesimulator/SwiftyJSON/SwiftyJSON.framework"; sourceTree = "<group>"; };
		E51ABA8E1EC83DB1008C2E6C /* Utils.swift */ = {isa = PBXFileReference; fileEncoding = 4; lastKnownFileType = sourcecode.swift; path = Utils.swift; sourceTree = "<group>"; };
		E52F23951F1B835500FF24D1 /* DMDSelectorFecha.swift */ = {isa = PBXFileReference; fileEncoding = 4; lastKnownFileType = sourcecode.swift; path = DMDSelectorFecha.swift; sourceTree = "<group>"; };
		E53E20C01EC846C000130DEB /* Assets.xcassets */ = {isa = PBXFileReference; lastKnownFileType = folder.assetcatalog; name = Assets.xcassets; path = ../Assets.xcassets; sourceTree = "<group>"; };
		E53E20C21EC8497600130DEB /* DMDCajaRegistradoraTableViewController.swift */ = {isa = PBXFileReference; fileEncoding = 4; lastKnownFileType = sourcecode.swift; path = DMDCajaRegistradoraTableViewController.swift; sourceTree = "<group>"; };
		E53E20C61EC84C1B00130DEB /* DMDListaProductos.swift */ = {isa = PBXFileReference; fileEncoding = 4; lastKnownFileType = sourcecode.swift; path = DMDListaProductos.swift; sourceTree = "<group>"; };
		E53E20CC1EC85C1400130DEB /* UIViewControllerExts.swift */ = {isa = PBXFileReference; fileEncoding = 4; lastKnownFileType = sourcecode.swift; path = UIViewControllerExts.swift; sourceTree = "<group>"; };
		E53E20CE1EC85E6F00130DEB /* Constantes.swift */ = {isa = PBXFileReference; fileEncoding = 4; lastKnownFileType = sourcecode.swift; path = Constantes.swift; sourceTree = "<group>"; };
		E53E20D11EC8641400130DEB /* CoreDataStack.swift */ = {isa = PBXFileReference; fileEncoding = 4; lastKnownFileType = sourcecode.swift; path = CoreDataStack.swift; sourceTree = "<group>"; };
		E53E20D31EC865F600130DEB /* ProductoRepository.swift */ = {isa = PBXFileReference; fileEncoding = 4; lastKnownFileType = sourcecode.swift; path = ProductoRepository.swift; sourceTree = "<group>"; };
		E53E20D51EC8767F00130DEB /* listadoProductoCelda.swift */ = {isa = PBXFileReference; fileEncoding = 4; lastKnownFileType = sourcecode.swift; path = listadoProductoCelda.swift; sourceTree = "<group>"; };
		E53E20D61EC8767F00130DEB /* listadoProductoCelda.xib */ = {isa = PBXFileReference; fileEncoding = 4; lastKnownFileType = file.xib; path = listadoProductoCelda.xib; sourceTree = "<group>"; };
		E57B0BE71ED059380007A96C /* CarbonKit.framework */ = {isa = PBXFileReference; lastKnownFileType = wrapper.framework; name = CarbonKit.framework; path = "../../../../../../../../Library/Developer/Xcode/DerivedData/sell.it.easy-heygsslojucpwafszsyurjuonahk/Build/Products/Debug-iphoneos/CarbonKit/CarbonKit.framework"; sourceTree = "<group>"; };
		E57B0BE81ED059380007A96C /* Charts.framework */ = {isa = PBXFileReference; lastKnownFileType = wrapper.framework; name = Charts.framework; path = "Pods/../build/Debug-iphoneos/Charts/Charts.framework"; sourceTree = "<group>"; };
		E57B0BEC1ED059C70007A96C /* DMDEstadisticas.swift */ = {isa = PBXFileReference; fileEncoding = 4; lastKnownFileType = sourcecode.swift; path = DMDEstadisticas.swift; sourceTree = "<group>"; };
		E57B0BFB1ED1856C0007A96C /* FSCalendar.framework */ = {isa = PBXFileReference; lastKnownFileType = wrapper.framework; name = FSCalendar.framework; path = "Pods/../build/Debug-iphoneos/FSCalendar/FSCalendar.framework"; sourceTree = "<group>"; };
		E57B0BFE1ED185F90007A96C /* DMDCalendario.swift */ = {isa = PBXFileReference; fileEncoding = 4; lastKnownFileType = sourcecode.swift; path = DMDCalendario.swift; sourceTree = "<group>"; };
		E57B0C011ED1C1110007A96C /* DMDLauncher.swift */ = {isa = PBXFileReference; fileEncoding = 4; lastKnownFileType = sourcecode.swift; path = DMDLauncher.swift; sourceTree = "<group>"; };
		E57B0C041ED1C5D20007A96C /* DMDLogin.swift */ = {isa = PBXFileReference; fileEncoding = 4; lastKnownFileType = sourcecode.swift; path = DMDLogin.swift; sourceTree = "<group>"; };
		E57B0C081ED1C9100007A96C /* Money30s.mp4 */ = {isa = PBXFileReference; lastKnownFileType = file; path = Money30s.mp4; sourceTree = "<group>"; };
		E5BF8CE91F1A96E70018A519 /* CeldaTipos.swift */ = {isa = PBXFileReference; fileEncoding = 4; lastKnownFileType = sourcecode.swift; path = CeldaTipos.swift; sourceTree = "<group>"; };
		E5C8E81D1EC9BD2700355E0D /* DMDListaRecibirPedido.swift */ = {isa = PBXFileReference; fileEncoding = 4; lastKnownFileType = sourcecode.swift; path = DMDListaRecibirPedido.swift; sourceTree = "<group>"; };
		E5C8E81F1EC9BDF700355E0D /* DMDListaRecibirPedidoCelda.swift */ = {isa = PBXFileReference; fileEncoding = 4; lastKnownFileType = sourcecode.swift; path = DMDListaRecibirPedidoCelda.swift; sourceTree = "<group>"; };
		E5C8E8211ECA069600355E0D /* ListaProductosRepository.swift */ = {isa = PBXFileReference; fileEncoding = 4; lastKnownFileType = sourcecode.swift; path = ListaProductosRepository.swift; sourceTree = "<group>"; };
		E5C8E8241ECA10C200355E0D /* DMDHistoricos.swift */ = {isa = PBXFileReference; fileEncoding = 4; lastKnownFileType = sourcecode.swift; path = DMDHistoricos.swift; sourceTree = "<group>"; };
		E5C8E8261ECA203800355E0D /* DMDHistoricoRecepciones.swift */ = {isa = PBXFileReference; fileEncoding = 4; lastKnownFileType = sourcecode.swift; path = DMDHistoricoRecepciones.swift; sourceTree = "<group>"; };
		E5CB12FB1F3F1E1D005D15A8 /* DMDCeldaPerfil.swift */ = {isa = PBXFileReference; fileEncoding = 4; lastKnownFileType = sourcecode.swift; path = DMDCeldaPerfil.swift; sourceTree = "<group>"; };
		E5CB12FD1F3F215A005D15A8 /* DMDCeldaCodigoBarras.swift */ = {isa = PBXFileReference; fileEncoding = 4; lastKnownFileType = sourcecode.swift; path = DMDCeldaCodigoBarras.swift; sourceTree = "<group>"; };
		E5CB13001F3F2178005D15A8 /* CeldaCodigoBarras.xib */ = {isa = PBXFileReference; fileEncoding = 4; lastKnownFileType = file.xib; path = CeldaCodigoBarras.xib; sourceTree = "<group>"; };
		E5DE8E041F199C6F00DE80F3 /* CeldaTexto.xib */ = {isa = PBXFileReference; fileEncoding = 4; lastKnownFileType = file.xib; path = CeldaTexto.xib; sourceTree = "<group>"; };
		E5DE8E071F19A7A100DE80F3 /* DMDCeldaTexto.swift */ = {isa = PBXFileReference; fileEncoding = 4; lastKnownFileType = sourcecode.swift; path = DMDCeldaTexto.swift; sourceTree = "<group>"; };
		E5E6D58A1F1C0ED500EF77A3 /* CeldaPerfil.xib */ = {isa = PBXFileReference; fileEncoding = 4; lastKnownFileType = file.xib; path = CeldaPerfil.xib; sourceTree = "<group>"; };
		E5EAB5861EC8E3460016D86C /* DMDListadoTiendas.swift */ = {isa = PBXFileReference; fileEncoding = 4; lastKnownFileType = sourcecode.swift; path = DMDListadoTiendas.swift; sourceTree = "<group>"; };
		E5EAB58A1EC8EAD20016D86C /* TiendaRepository.swift */ = {isa = PBXFileReference; fileEncoding = 4; lastKnownFileType = sourcecode.swift; path = TiendaRepository.swift; sourceTree = "<group>"; };
		E5EAB58C1EC8EE390016D86C /* DMDListadoTiendaCelda.swift */ = {isa = PBXFileReference; fileEncoding = 4; lastKnownFileType = sourcecode.swift; path = DMDListadoTiendaCelda.swift; sourceTree = "<group>"; };
		E5EAB58D1EC8EE390016D86C /* DMDListadoTiendaCelda.xib */ = {isa = PBXFileReference; fileEncoding = 4; lastKnownFileType = file.xib; path = DMDListadoTiendaCelda.xib; sourceTree = "<group>"; };
		E5EAB59E1EC9160B0016D86C /* DMDEscanerTabla.swift */ = {isa = PBXFileReference; fileEncoding = 4; lastKnownFileType = sourcecode.swift; path = DMDEscanerTabla.swift; sourceTree = "<group>"; };
		E5EAB5A01EC916110016D86C /* DMDEscanerQR.swift */ = {isa = PBXFileReference; fileEncoding = 4; lastKnownFileType = sourcecode.swift; path = DMDEscanerQR.swift; sourceTree = "<group>"; };
		E5EAB5A21EC916180016D86C /* DMDInventarioCelda.swift */ = {isa = PBXFileReference; fileEncoding = 4; lastKnownFileType = sourcecode.swift; path = DMDInventarioCelda.swift; sourceTree = "<group>"; };
		E5EAB5A61EC917550016D86C /* beep.mp3 */ = {isa = PBXFileReference; lastKnownFileType = audio.mp3; path = beep.mp3; sourceTree = "<group>"; };
		E5F091861F198BB20051FFBD /* DMDTablaDinamicaCG.swift */ = {isa = PBXFileReference; fileEncoding = 4; lastKnownFileType = sourcecode.swift; path = DMDTablaDinamicaCG.swift; sourceTree = "<group>"; };
		E5F091881F198D670051FFBD /* DMDTablaDataCG.swift */ = {isa = PBXFileReference; fileEncoding = 4; lastKnownFileType = sourcecode.swift; path = DMDTablaDataCG.swift; sourceTree = "<group>"; };
		E5F0918A1F19957B0051FFBD /* DummyTablaDataCG.swift */ = {isa = PBXFileReference; fileEncoding = 4; lastKnownFileType = sourcecode.swift; path = DummyTablaDataCG.swift; sourceTree = "<group>"; };
		E5FCEDC31F406E4E000D1FFB /* DMDSelector.swift */ = {isa = PBXFileReference; fileEncoding = 4; lastKnownFileType = sourcecode.swift; path = DMDSelector.swift; sourceTree = "<group>"; };
		E5FCEDC51F40738C000D1FFB /* DMDCeldaSelector.swift */ = {isa = PBXFileReference; fileEncoding = 4; lastKnownFileType = sourcecode.swift; path = DMDCeldaSelector.swift; sourceTree = "<group>"; };
		E5FCEDC71F4073AC000D1FFB /* CeldaSelector.xib */ = {isa = PBXFileReference; fileEncoding = 4; lastKnownFileType = file.xib; path = CeldaSelector.xib; sourceTree = "<group>"; };
		E5FCEDCA1F407F48000D1FFB /* DMDCeldaTextoLargo.swift */ = {isa = PBXFileReference; fileEncoding = 4; lastKnownFileType = sourcecode.swift; path = DMDCeldaTextoLargo.swift; sourceTree = "<group>"; };
		E5FCEDCD1F407F94000D1FFB /* CeldaTextoLargo.xib */ = {isa = PBXFileReference; fileEncoding = 4; lastKnownFileType = file.xib; path = CeldaTextoLargo.xib; sourceTree = "<group>"; };
		E5FCEDCF1F40808A000D1FFB /* DMDTextoLargo.swift */ = {isa = PBXFileReference; fileEncoding = 4; lastKnownFileType = sourcecode.swift; path = DMDTextoLargo.swift; sourceTree = "<group>"; };
		E5FCEDD31F40B6A9000D1FFB /* OrganizacionService.swift */ = {isa = PBXFileReference; fileEncoding = 4; lastKnownFileType = sourcecode.swift; path = OrganizacionService.swift; sourceTree = "<group>"; };
		E5FCEDD51F40B8CE000D1FFB /* UsuarioService.swift */ = {isa = PBXFileReference; fileEncoding = 4; lastKnownFileType = sourcecode.swift; path = UsuarioService.swift; sourceTree = "<group>"; };
		E5FCEDD81F40C172000D1FFB /* Usuario.swift */ = {isa = PBXFileReference; fileEncoding = 4; lastKnownFileType = sourcecode.swift; path = Usuario.swift; sourceTree = "<group>"; };
		E5FCEDDA1F40C252000D1FFB /* Producto.swift */ = {isa = PBXFileReference; fileEncoding = 4; lastKnownFileType = sourcecode.swift; path = Producto.swift; sourceTree = "<group>"; };
		E5FCEDDC1F40C30A000D1FFB /* Tienda.swift */ = {isa = PBXFileReference; fileEncoding = 4; lastKnownFileType = sourcecode.swift; path = Tienda.swift; sourceTree = "<group>"; };
		E5FCEDDF1F40C453000D1FFB /* sell_it_easy.xcdatamodel */ = {isa = PBXFileReference; lastKnownFileType = wrapper.xcdatamodel; path = sell_it_easy.xcdatamodel; sourceTree = "<group>"; };
/* End PBXFileReference section */

/* Begin PBXFrameworksBuildPhase section */
		E51ABA551EC7C34C008C2E6C /* Frameworks */ = {
			isa = PBXFrameworksBuildPhase;
			buildActionMask = 2147483647;
			files = (
				E57B0BFC1ED1856C0007A96C /* FSCalendar.framework in Frameworks */,
				E57B0BE91ED059380007A96C /* CarbonKit.framework in Frameworks */,
				E57B0BEA1ED059380007A96C /* Charts.framework in Frameworks */,
				E51ABA841EC8359E008C2E6C /* Alamofire.framework in Frameworks */,
				E51ABA851EC8359E008C2E6C /* Bolts.framework in Frameworks */,
				E51ABA861EC8359E008C2E6C /* CryptoSwift.framework in Frameworks */,
				E51ABA871EC8359E008C2E6C /* ExpandingMenu.framework in Frameworks */,
				E51ABA881EC8359E008C2E6C /* Kingfisher.framework in Frameworks */,
				E51ABA891EC8359E008C2E6C /* Parse.framework in Frameworks */,
				E51ABA8A1EC8359E008C2E6C /* PKHUD.framework in Frameworks */,
				E51ABA8B1EC8359E008C2E6C /* PromiseKit.framework in Frameworks */,
				E51ABA8C1EC8359E008C2E6C /* ReachabilitySwift.framework in Frameworks */,
				E51ABA8D1EC8359E008C2E6C /* SwiftyJSON.framework in Frameworks */,
				B9524F47EF6DD6F2FBDE55F4 /* Pods_sell_it_easy.framework in Frameworks */,
			);
			runOnlyForDeploymentPostprocessing = 0;
		};
/* End PBXFrameworksBuildPhase section */

/* Begin PBXGroup section */
		8548DEBE50ADAAD67751BC4C /* Frameworks */ = {
			isa = PBXGroup;
			children = (
				E57B0BFB1ED1856C0007A96C /* FSCalendar.framework */,
				E57B0BE71ED059380007A96C /* CarbonKit.framework */,
				E57B0BE81ED059380007A96C /* Charts.framework */,
				E51ABA7A1EC8359E008C2E6C /* Alamofire.framework */,
				E51ABA7B1EC8359E008C2E6C /* Bolts.framework */,
				E51ABA7C1EC8359E008C2E6C /* CryptoSwift.framework */,
				E51ABA7D1EC8359E008C2E6C /* ExpandingMenu.framework */,
				E51ABA7E1EC8359E008C2E6C /* Kingfisher.framework */,
				E51ABA7F1EC8359E008C2E6C /* Parse.framework */,
				E51ABA801EC8359E008C2E6C /* PKHUD.framework */,
				E51ABA811EC8359E008C2E6C /* PromiseKit.framework */,
				E51ABA821EC8359E008C2E6C /* ReachabilitySwift.framework */,
				E51ABA831EC8359E008C2E6C /* SwiftyJSON.framework */,
				DE94BD2C86AC778C605C1288 /* Pods_sell_it_easy.framework */,
			);
			name = Frameworks;
			sourceTree = "<group>";
		};
		D64F01B3018821907FCE059D /* Pods */ = {
			isa = PBXGroup;
			children = (
				C0EDF73154F751C88D6D4907 /* Pods-sell.it.easy.debug.xcconfig */,
				6559D8BC86A905B002DC984C /* Pods-sell.it.easy.release.xcconfig */,
			);
			name = Pods;
			sourceTree = "<group>";
		};
		E50E8A011F1A08C200C81338 /* CELDA_FECHA */ = {
			isa = PBXGroup;
			children = (
				E50E8A021F1A08D900C81338 /* DMDCeldaFecha.swift */,
				E50E89FE1F1A055400C81338 /* CeldaFecha.xib */,
			);
			name = CELDA_FECHA;
			sourceTree = "<group>";
		};
		E51ABA4F1EC7C34C008C2E6C = {
			isa = PBXGroup;
			children = (
				E51ABA5A1EC7C34C008C2E6C /* sell.it.easy */,
				E51ABA591EC7C34C008C2E6C /* Products */,
				D64F01B3018821907FCE059D /* Pods */,
				8548DEBE50ADAAD67751BC4C /* Frameworks */,
			);
			sourceTree = "<group>";
		};
		E51ABA591EC7C34C008C2E6C /* Products */ = {
			isa = PBXGroup;
			children = (
				E51ABA581EC7C34C008C2E6C /* sell.it.easy.app */,
			);
			name = Products;
			sourceTree = "<group>";
		};
		E51ABA5A1EC7C34C008C2E6C /* sell.it.easy */ = {
			isa = PBXGroup;
			children = (
				E51ABA5B1EC7C34C008C2E6C /* AppDelegate.swift */,
				E5FCEDD71F40C15C000D1FFB /* ENTITIES */,
				E51ABA751EC7C6D1008C2E6C /* OBJ-C */,
				E53E20D01EC863ED00130DEB /* PERSISTENCE */,
				E5FCEDD21F40B64E000D1FFB /* SERVICES */,
				E53E20CA1EC85BF100130DEB /* UTILS */,
				E51ABA791EC7D032008C2E6C /* VIEW_CONTROLLERS */,
				E51ABA5F1EC7C34C008C2E6C /* Main.storyboard */,
				E53E20C01EC846C000130DEB /* Assets.xcassets */,
				E51ABA671EC7C34C008C2E6C /* LaunchScreen.storyboard */,
				E51ABA6A1EC7C34C008C2E6C /* Info.plist */,
			);
			path = sell.it.easy;
			sourceTree = "<group>";
		};
		E51ABA751EC7C6D1008C2E6C /* OBJ-C */ = {
			isa = PBXGroup;
			children = (
				E51ABA761EC7C6DE008C2E6C /* MENU */,
			);
			name = "OBJ-C";
			sourceTree = "<group>";
		};
		E51ABA761EC7C6DE008C2E6C /* MENU */ = {
			isa = PBXGroup;
			children = (
				E51ABA711EC7C6C4008C2E6C /* SWRevealViewController.h */,
				E51ABA721EC7C6C4008C2E6C /* SWRevealViewController.m */,
				E51ABA701EC7C6C3008C2E6C /* sell.it.easy-Bridging-Header.h */,
			);
			name = MENU;
			sourceTree = "<group>";
		};
		E51ABA791EC7D032008C2E6C /* VIEW_CONTROLLERS */ = {
			isa = PBXGroup;
			children = (
				E53E20C41EC84BBB00130DEB /* CAJA */,
				E57B0BFD1ED185E40007A96C /* CALENDARIO */,
				E5EAB59D1EC915F60016D86C /* ESCANER */,
				E57B0BEB1ED059A50007A96C /* ESTADISTICAS */,
				E5C8E8231ECA108500355E0D /* HISTORICOS */,
				E57B0C001ED1C0EF0007A96C /* LAUNCHER */,
				E57B0C031ED1C4F80007A96C /* LOGIN */,
				E5C8E81C1EC9BCBA00355E0D /* PEDIDO */,
				E53E20C51EC84BC100130DEB /* PRODUCTO */,
				E5FCEDC21F406DB6000D1FFB /* SELECTOR */,
				E5F091831F1989090051FFBD /* TABLA_GENERICA */,
				E5FCEDD11F40808F000D1FFB /* TEXTO_LARGO */,
				E5EAB5851EC8E30B0016D86C /* TIENDA */,
			);
			name = VIEW_CONTROLLERS;
			sourceTree = "<group>";
		};
		E53E20C41EC84BBB00130DEB /* CAJA */ = {
			isa = PBXGroup;
			children = (
				E53E20C21EC8497600130DEB /* DMDCajaRegistradoraTableViewController.swift */,
			);
			name = CAJA;
			sourceTree = "<group>";
		};
		E53E20C51EC84BC100130DEB /* PRODUCTO */ = {
			isa = PBXGroup;
			children = (
				E53E20C61EC84C1B00130DEB /* DMDListaProductos.swift */,
				E53E20D91EC8768300130DEB /* CELDAS */,
			);
			name = PRODUCTO;
			sourceTree = "<group>";
		};
		E53E20CA1EC85BF100130DEB /* UTILS */ = {
			isa = PBXGroup;
			children = (
				E57B0C061ED1C8570007A96C /* VIDEOS */,
				E5EAB5A51EC917460016D86C /* SONIDOS */,
				E53E20CB1EC85BFE00130DEB /* EXTENSIONS */,
				E51ABA8E1EC83DB1008C2E6C /* Utils.swift */,
				E53E20CE1EC85E6F00130DEB /* Constantes.swift */,
			);
			name = UTILS;
			sourceTree = "<group>";
		};
		E53E20CB1EC85BFE00130DEB /* EXTENSIONS */ = {
			isa = PBXGroup;
			children = (
				E53E20CC1EC85C1400130DEB /* UIViewControllerExts.swift */,
			);
			name = EXTENSIONS;
			sourceTree = "<group>";
		};
		E53E20D01EC863ED00130DEB /* PERSISTENCE */ = {
			isa = PBXGroup;
			children = (
				E5FCEDDE1F40C453000D1FFB /* sell_it_easy.xcdatamodeld */,
				E53E20D11EC8641400130DEB /* CoreDataStack.swift */,
				E5C8E8211ECA069600355E0D /* ListaProductosRepository.swift */,
				E5EAB58A1EC8EAD20016D86C /* TiendaRepository.swift */,
				E53E20D31EC865F600130DEB /* ProductoRepository.swift */,
			);
			name = PERSISTENCE;
			sourceTree = "<group>";
		};
		E53E20D91EC8768300130DEB /* CELDAS */ = {
			isa = PBXGroup;
			children = (
				E53E20D51EC8767F00130DEB /* listadoProductoCelda.swift */,
				E53E20D61EC8767F00130DEB /* listadoProductoCelda.xib */,
			);
			name = CELDAS;
			sourceTree = "<group>";
		};
		E57B0BEB1ED059A50007A96C /* ESTADISTICAS */ = {
			isa = PBXGroup;
			children = (
				E57B0BEC1ED059C70007A96C /* DMDEstadisticas.swift */,
			);
			name = ESTADISTICAS;
			sourceTree = "<group>";
		};
		E57B0BFD1ED185E40007A96C /* CALENDARIO */ = {
			isa = PBXGroup;
			children = (
				E57B0BFE1ED185F90007A96C /* DMDCalendario.swift */,
				E52F23951F1B835500FF24D1 /* DMDSelectorFecha.swift */,
			);
			name = CALENDARIO;
			sourceTree = "<group>";
		};
		E57B0C001ED1C0EF0007A96C /* LAUNCHER */ = {
			isa = PBXGroup;
			children = (
				E57B0C011ED1C1110007A96C /* DMDLauncher.swift */,
			);
			name = LAUNCHER;
			sourceTree = "<group>";
		};
		E57B0C031ED1C4F80007A96C /* LOGIN */ = {
			isa = PBXGroup;
			children = (
				E57B0C041ED1C5D20007A96C /* DMDLogin.swift */,
			);
			name = LOGIN;
			sourceTree = "<group>";
		};
		E57B0C061ED1C8570007A96C /* VIDEOS */ = {
			isa = PBXGroup;
			children = (
				E57B0C081ED1C9100007A96C /* Money30s.mp4 */,
			);
			name = VIDEOS;
			sourceTree = "<group>";
		};
		E5C8E81C1EC9BCBA00355E0D /* PEDIDO */ = {
			isa = PBXGroup;
			children = (
				E5C8E81D1EC9BD2700355E0D /* DMDListaRecibirPedido.swift */,
				E5C8E81F1EC9BDF700355E0D /* DMDListaRecibirPedidoCelda.swift */,
			);
			name = PEDIDO;
			sourceTree = "<group>";
		};
		E5C8E8231ECA108500355E0D /* HISTORICOS */ = {
			isa = PBXGroup;
			children = (
				E5C8E8241ECA10C200355E0D /* DMDHistoricos.swift */,
				E5C8E8261ECA203800355E0D /* DMDHistoricoRecepciones.swift */,
			);
			name = HISTORICOS;
			sourceTree = "<group>";
		};
		E5CB13031F3F217D005D15A8 /* CELDA_CODIGO_BARRAS */ = {
			isa = PBXGroup;
			children = (
				E5CB12FD1F3F215A005D15A8 /* DMDCeldaCodigoBarras.swift */,
				E5CB13001F3F2178005D15A8 /* CeldaCodigoBarras.xib */,
			);
			name = CELDA_CODIGO_BARRAS;
			sourceTree = "<group>";
		};
		E5DE8E091F19A7C500DE80F3 /* CELDA_TEXTO */ = {
			isa = PBXGroup;
			children = (
				E5DE8E071F19A7A100DE80F3 /* DMDCeldaTexto.swift */,
				E5DE8E041F199C6F00DE80F3 /* CeldaTexto.xib */,
			);
			name = CELDA_TEXTO;
			sourceTree = "<group>";
		};
		E5DE8E0A1F19A7D500DE80F3 /* CELDAS */ = {
			isa = PBXGroup;
			children = (
				E5BF8CE91F1A96E70018A519 /* CeldaTipos.swift */,
				E5CB13031F3F217D005D15A8 /* CELDA_CODIGO_BARRAS */,
				E50E8A011F1A08C200C81338 /* CELDA_FECHA */,
				E5E6D58D1F1C0ED900EF77A3 /* CELDA_PERFIL */,
				E5FCEDC91F40743D000D1FFB /* CELDA_SELECTOR */,
				E5DE8E091F19A7C500DE80F3 /* CELDA_TEXTO */,
				E5FCEDCC1F407F7C000D1FFB /* CELDA_TEXTO_LARGO */,
			);
			name = CELDAS;
			sourceTree = "<group>";
		};
		E5DE8E0B1F19A7E500DE80F3 /* UTILS */ = {
			isa = PBXGroup;
			children = (
				E5F0918A1F19957B0051FFBD /* DummyTablaDataCG.swift */,
			);
			name = UTILS;
			sourceTree = "<group>";
		};
		E5E6D58D1F1C0ED900EF77A3 /* CELDA_PERFIL */ = {
			isa = PBXGroup;
			children = (
				E5CB12FB1F3F1E1D005D15A8 /* DMDCeldaPerfil.swift */,
				E5E6D58A1F1C0ED500EF77A3 /* CeldaPerfil.xib */,
			);
			name = CELDA_PERFIL;
			sourceTree = "<group>";
		};
		E5EAB5851EC8E30B0016D86C /* TIENDA */ = {
			isa = PBXGroup;
			children = (
				E5EAB5861EC8E3460016D86C /* DMDListadoTiendas.swift */,
				E5EAB5901EC8EE3D0016D86C /* CELDAS */,
			);
			name = TIENDA;
			sourceTree = "<group>";
		};
		E5EAB5901EC8EE3D0016D86C /* CELDAS */ = {
			isa = PBXGroup;
			children = (
				E5EAB58C1EC8EE390016D86C /* DMDListadoTiendaCelda.swift */,
				E5EAB58D1EC8EE390016D86C /* DMDListadoTiendaCelda.xib */,
			);
			name = CELDAS;
			sourceTree = "<group>";
		};
		E5EAB59D1EC915F60016D86C /* ESCANER */ = {
			isa = PBXGroup;
			children = (
				E5EAB59E1EC9160B0016D86C /* DMDEscanerTabla.swift */,
				E5EAB5A01EC916110016D86C /* DMDEscanerQR.swift */,
				E5EAB5A41EC9161B0016D86C /* CELDAS */,
			);
			name = ESCANER;
			sourceTree = "<group>";
		};
		E5EAB5A41EC9161B0016D86C /* CELDAS */ = {
			isa = PBXGroup;
			children = (
				E5EAB5A21EC916180016D86C /* DMDInventarioCelda.swift */,
			);
			name = CELDAS;
			sourceTree = "<group>";
		};
		E5EAB5A51EC917460016D86C /* SONIDOS */ = {
			isa = PBXGroup;
			children = (
				E5EAB5A61EC917550016D86C /* beep.mp3 */,
			);
			name = SONIDOS;
			sourceTree = "<group>";
		};
		E5F091831F1989090051FFBD /* TABLA_GENERICA */ = {
			isa = PBXGroup;
			children = (
				E5F091861F198BB20051FFBD /* DMDTablaDinamicaCG.swift */,
				E5F091881F198D670051FFBD /* DMDTablaDataCG.swift */,
				E5DE8E0A1F19A7D500DE80F3 /* CELDAS */,
				E5DE8E0B1F19A7E500DE80F3 /* UTILS */,
			);
			name = TABLA_GENERICA;
			sourceTree = "<group>";
		};
		E5FCEDC21F406DB6000D1FFB /* SELECTOR */ = {
			isa = PBXGroup;
			children = (
				E5FCEDC31F406E4E000D1FFB /* DMDSelector.swift */,
			);
			name = SELECTOR;
			sourceTree = "<group>";
		};
		E5FCEDC91F40743D000D1FFB /* CELDA_SELECTOR */ = {
			isa = PBXGroup;
			children = (
				E5FCEDC51F40738C000D1FFB /* DMDCeldaSelector.swift */,
				E5FCEDC71F4073AC000D1FFB /* CeldaSelector.xib */,
			);
			name = CELDA_SELECTOR;
			sourceTree = "<group>";
		};
		E5FCEDCC1F407F7C000D1FFB /* CELDA_TEXTO_LARGO */ = {
			isa = PBXGroup;
			children = (
				E5FCEDCA1F407F48000D1FFB /* DMDCeldaTextoLargo.swift */,
				E5FCEDCD1F407F94000D1FFB /* CeldaTextoLargo.xib */,
			);
			name = CELDA_TEXTO_LARGO;
			sourceTree = "<group>";
		};
		E5FCEDD11F40808F000D1FFB /* TEXTO_LARGO */ = {
			isa = PBXGroup;
			children = (
				E5FCEDCF1F40808A000D1FFB /* DMDTextoLargo.swift */,
			);
			name = TEXTO_LARGO;
			sourceTree = "<group>";
		};
		E5FCEDD21F40B64E000D1FFB /* SERVICES */ = {
			isa = PBXGroup;
			children = (
				E5FCEDD31F40B6A9000D1FFB /* OrganizacionService.swift */,
				E5FCEDD51F40B8CE000D1FFB /* UsuarioService.swift */,
			);
			name = SERVICES;
			sourceTree = "<group>";
		};
		E5FCEDD71F40C15C000D1FFB /* ENTITIES */ = {
			isa = PBXGroup;
			children = (
				E5FCEDD81F40C172000D1FFB /* Usuario.swift */,
				E5FCEDDA1F40C252000D1FFB /* Producto.swift */,
				E5FCEDDC1F40C30A000D1FFB /* Tienda.swift */,
			);
			name = ENTITIES;
			sourceTree = "<group>";
		};
/* End PBXGroup section */

/* Begin PBXNativeTarget section */
		E51ABA571EC7C34C008C2E6C /* sell.it.easy */ = {
			isa = PBXNativeTarget;
			buildConfigurationList = E51ABA6D1EC7C34C008C2E6C /* Build configuration list for PBXNativeTarget "sell.it.easy" */;
			buildPhases = (
				97B2DCF5A1107926CD0FC239 /* [CP] Check Pods Manifest.lock */,
				E51ABA541EC7C34C008C2E6C /* Sources */,
				E51ABA551EC7C34C008C2E6C /* Frameworks */,
				E51ABA561EC7C34C008C2E6C /* Resources */,
				C17ED68B46F79A7D5725689D /* [CP] Embed Pods Frameworks */,
				1190D31E2AB1E40D70746F32 /* [CP] Copy Pods Resources */,
			);
			buildRules = (
			);
			dependencies = (
			);
			name = sell.it.easy;
			productName = sell.it.easy;
			productReference = E51ABA581EC7C34C008C2E6C /* sell.it.easy.app */;
			productType = "com.apple.product-type.application";
		};
/* End PBXNativeTarget section */

/* Begin PBXProject section */
		E51ABA501EC7C34C008C2E6C /* Project object */ = {
			isa = PBXProject;
			attributes = {
				LastSwiftUpdateCheck = 0830;
				LastUpgradeCheck = 0830;
				ORGANIZATIONNAME = "David Márquez Delgado";
				TargetAttributes = {
					E51ABA571EC7C34C008C2E6C = {
						CreatedOnToolsVersion = 8.3.2;
						DevelopmentTeam = 59SH2VU4Z2;
						LastSwiftMigration = 0830;
						ProvisioningStyle = Automatic;
					};
				};
			};
			buildConfigurationList = E51ABA531EC7C34C008C2E6C /* Build configuration list for PBXProject "sell.it.easy" */;
			compatibilityVersion = "Xcode 3.2";
			developmentRegion = English;
			hasScannedForEncodings = 0;
			knownRegions = (
				en,
				Base,
			);
			mainGroup = E51ABA4F1EC7C34C008C2E6C;
			productRefGroup = E51ABA591EC7C34C008C2E6C /* Products */;
			projectDirPath = "";
			projectRoot = "";
			targets = (
				E51ABA571EC7C34C008C2E6C /* sell.it.easy */,
			);
		};
/* End PBXProject section */

/* Begin PBXResourcesBuildPhase section */
		E51ABA561EC7C34C008C2E6C /* Resources */ = {
			isa = PBXResourcesBuildPhase;
			buildActionMask = 2147483647;
			files = (
				E5FCEDC81F4073AC000D1FFB /* CeldaSelector.xib in Resources */,
				E51ABA691EC7C34C008C2E6C /* LaunchScreen.storyboard in Resources */,
				E5FCEDCE1F407F94000D1FFB /* CeldaTextoLargo.xib in Resources */,
				E53E20C11EC846C000130DEB /* Assets.xcassets in Resources */,
				E5EAB5A71EC917550016D86C /* beep.mp3 in Resources */,
				E57B0C091ED1C9100007A96C /* Money30s.mp4 in Resources */,
				E5DE8E061F199C6F00DE80F3 /* CeldaTexto.xib in Resources */,
				E5CB13021F3F2178005D15A8 /* CeldaCodigoBarras.xib in Resources */,
				E53E20D81EC8767F00130DEB /* listadoProductoCelda.xib in Resources */,
				E50E8A001F1A055400C81338 /* CeldaFecha.xib in Resources */,
				E5EAB58F1EC8EE390016D86C /* DMDListadoTiendaCelda.xib in Resources */,
				E51ABA611EC7C34C008C2E6C /* Main.storyboard in Resources */,
				E5E6D58C1F1C0ED500EF77A3 /* CeldaPerfil.xib in Resources */,
			);
			runOnlyForDeploymentPostprocessing = 0;
		};
/* End PBXResourcesBuildPhase section */

/* Begin PBXShellScriptBuildPhase section */
		1190D31E2AB1E40D70746F32 /* [CP] Copy Pods Resources */ = {
			isa = PBXShellScriptBuildPhase;
			buildActionMask = 2147483647;
			files = (
			);
			inputPaths = (
			);
			name = "[CP] Copy Pods Resources";
			outputPaths = (
			);
			runOnlyForDeploymentPostprocessing = 0;
			shellPath = /bin/sh;
			shellScript = "\"${SRCROOT}/Pods/Target Support Files/Pods-sell.it.easy/Pods-sell.it.easy-resources.sh\"\n";
			showEnvVarsInLog = 0;
		};
		97B2DCF5A1107926CD0FC239 /* [CP] Check Pods Manifest.lock */ = {
			isa = PBXShellScriptBuildPhase;
			buildActionMask = 2147483647;
			files = (
			);
			inputPaths = (
			);
			name = "[CP] Check Pods Manifest.lock";
			outputPaths = (
			);
			runOnlyForDeploymentPostprocessing = 0;
			shellPath = /bin/sh;
			shellScript = "diff \"${PODS_ROOT}/../Podfile.lock\" \"${PODS_ROOT}/Manifest.lock\" > /dev/null\nif [ $? != 0 ] ; then\n    # print error to STDERR\n    echo \"error: The sandbox is not in sync with the Podfile.lock. Run 'pod install' or update your CocoaPods installation.\" >&2\n    exit 1\nfi\n";
			showEnvVarsInLog = 0;
		};
		C17ED68B46F79A7D5725689D /* [CP] Embed Pods Frameworks */ = {
			isa = PBXShellScriptBuildPhase;
			buildActionMask = 2147483647;
			files = (
			);
			inputPaths = (
			);
			name = "[CP] Embed Pods Frameworks";
			outputPaths = (
			);
			runOnlyForDeploymentPostprocessing = 0;
			shellPath = /bin/sh;
			shellScript = "\"${SRCROOT}/Pods/Target Support Files/Pods-sell.it.easy/Pods-sell.it.easy-frameworks.sh\"\n";
			showEnvVarsInLog = 0;
		};
/* End PBXShellScriptBuildPhase section */

/* Begin PBXSourcesBuildPhase section */
		E51ABA541EC7C34C008C2E6C /* Sources */ = {
			isa = PBXSourcesBuildPhase;
			buildActionMask = 2147483647;
			files = (
				E53E20C31EC8497600130DEB /* DMDCajaRegistradoraTableViewController.swift in Sources */,
				E57B0BED1ED059C70007A96C /* DMDEstadisticas.swift in Sources */,
				E57B0C021ED1C1110007A96C /* DMDLauncher.swift in Sources */,
				E57B0C051ED1C5D20007A96C /* DMDLogin.swift in Sources */,
				E5C8E81E1EC9BD2700355E0D /* DMDListaRecibirPedido.swift in Sources */,
				E53E20D41EC865F600130DEB /* ProductoRepository.swift in Sources */,
				E5EAB59F1EC9160B0016D86C /* DMDEscanerTabla.swift in Sources */,
				E5FCEDC41F406E4E000D1FFB /* DMDSelector.swift in Sources */,
				E53E20D71EC8767F00130DEB /* listadoProductoCelda.swift in Sources */,
				E5FCEDCB1F407F48000D1FFB /* DMDCeldaTextoLargo.swift in Sources */,
				E57B0BFF1ED185F90007A96C /* DMDCalendario.swift in Sources */,
				E5CB12FE1F3F215A005D15A8 /* DMDCeldaCodigoBarras.swift in Sources */,
				E5EAB5871EC8E3460016D86C /* DMDListadoTiendas.swift in Sources */,
				E5CB12FC1F3F1E1D005D15A8 /* DMDCeldaPerfil.swift in Sources */,
				E5C8E8221ECA069600355E0D /* ListaProductosRepository.swift in Sources */,
				E5FCEDE01F40C453000D1FFB /* sell_it_easy.xcdatamodeld in Sources */,
				E5F091871F198BB20051FFBD /* DMDTablaDinamicaCG.swift in Sources */,
				E5EAB5A31EC916180016D86C /* DMDInventarioCelda.swift in Sources */,
				E52F23961F1B835500FF24D1 /* DMDSelectorFecha.swift in Sources */,
				E5C8E8201EC9BDF700355E0D /* DMDListaRecibirPedidoCelda.swift in Sources */,
				E5FCEDD01F40808A000D1FFB /* DMDTextoLargo.swift in Sources */,
				E51ABA8F1EC83DB1008C2E6C /* Utils.swift in Sources */,
				E5F091891F198D670051FFBD /* DMDTablaDataCG.swift in Sources */,
				E5BF8CEA1F1A96E70018A519 /* CeldaTipos.swift in Sources */,
				E5FCEDDD1F40C30A000D1FFB /* Tienda.swift in Sources */,
				E51ABA5C1EC7C34C008C2E6C /* AppDelegate.swift in Sources */,
				E51ABA741EC7C6C4008C2E6C /* SWRevealViewController.m in Sources */,
				E5EAB5A11EC916110016D86C /* DMDEscanerQR.swift in Sources */,
				E5EAB58E1EC8EE390016D86C /* DMDListadoTiendaCelda.swift in Sources */,
				E5FCEDD41F40B6A9000D1FFB /* OrganizacionService.swift in Sources */,
				E53E20D21EC8641400130DEB /* CoreDataStack.swift in Sources */,
				E5C8E8271ECA203900355E0D /* DMDHistoricoRecepciones.swift in Sources */,
				E5FCEDD91F40C172000D1FFB /* Usuario.swift in Sources */,
				E5FCEDD61F40B8CE000D1FFB /* UsuarioService.swift in Sources */,
				E5FCEDDB1F40C252000D1FFB /* Producto.swift in Sources */,
				E53E20CF1EC85E6F00130DEB /* Constantes.swift in Sources */,
				E5EAB58B1EC8EAD20016D86C /* TiendaRepository.swift in Sources */,
				E5F0918B1F19957B0051FFBD /* DummyTablaDataCG.swift in Sources */,
				E5DE8E081F19A7A100DE80F3 /* DMDCeldaTexto.swift in Sources */,
				E53E20CD1EC85C1400130DEB /* UIViewControllerExts.swift in Sources */,
				E53E20C71EC84C1B00130DEB /* DMDListaProductos.swift in Sources */,
				E50E8A031F1A08D900C81338 /* DMDCeldaFecha.swift in Sources */,
				E5C8E8251ECA10C200355E0D /* DMDHistoricos.swift in Sources */,
				E5FCEDC61F40738C000D1FFB /* DMDCeldaSelector.swift in Sources */,
			);
			runOnlyForDeploymentPostprocessing = 0;
		};
/* End PBXSourcesBuildPhase section */

/* Begin PBXVariantGroup section */
		E51ABA5F1EC7C34C008C2E6C /* Main.storyboard */ = {
			isa = PBXVariantGroup;
			children = (
				E51ABA601EC7C34C008C2E6C /* Base */,
			);
			name = Main.storyboard;
			sourceTree = "<group>";
		};
		E51ABA671EC7C34C008C2E6C /* LaunchScreen.storyboard */ = {
			isa = PBXVariantGroup;
			children = (
				E51ABA681EC7C34C008C2E6C /* Base */,
			);
			name = LaunchScreen.storyboard;
			sourceTree = "<group>";
		};
/* End PBXVariantGroup section */

/* Begin XCBuildConfiguration section */
		E51ABA6B1EC7C34C008C2E6C /* Debug */ = {
			isa = XCBuildConfiguration;
			buildSettings = {
				ALWAYS_SEARCH_USER_PATHS = NO;
				CLANG_ANALYZER_NONNULL = YES;
				CLANG_ANALYZER_NUMBER_OBJECT_CONVERSION = YES_AGGRESSIVE;
				CLANG_CXX_LANGUAGE_STANDARD = "gnu++0x";
				CLANG_CXX_LIBRARY = "libc++";
				CLANG_ENABLE_MODULES = YES;
				CLANG_ENABLE_OBJC_ARC = YES;
				CLANG_WARN_BOOL_CONVERSION = YES;
				CLANG_WARN_CONSTANT_CONVERSION = YES;
				CLANG_WARN_DIRECT_OBJC_ISA_USAGE = YES_ERROR;
				CLANG_WARN_DOCUMENTATION_COMMENTS = YES;
				CLANG_WARN_EMPTY_BODY = YES;
				CLANG_WARN_ENUM_CONVERSION = YES;
				CLANG_WARN_INFINITE_RECURSION = YES;
				CLANG_WARN_INT_CONVERSION = YES;
				CLANG_WARN_OBJC_ROOT_CLASS = YES_ERROR;
				CLANG_WARN_SUSPICIOUS_MOVE = YES;
				CLANG_WARN_UNREACHABLE_CODE = YES;
				CLANG_WARN__DUPLICATE_METHOD_MATCH = YES;
				"CODE_SIGN_IDENTITY[sdk=iphoneos*]" = "iPhone Developer";
				COPY_PHASE_STRIP = NO;
				DEBUG_INFORMATION_FORMAT = dwarf;
				ENABLE_STRICT_OBJC_MSGSEND = YES;
				ENABLE_TESTABILITY = YES;
				GCC_C_LANGUAGE_STANDARD = gnu99;
				GCC_DYNAMIC_NO_PIC = NO;
				GCC_NO_COMMON_BLOCKS = YES;
				GCC_OPTIMIZATION_LEVEL = 0;
				GCC_PREPROCESSOR_DEFINITIONS = (
					"DEBUG=1",
					"$(inherited)",
				);
				GCC_WARN_64_TO_32_BIT_CONVERSION = YES;
				GCC_WARN_ABOUT_RETURN_TYPE = YES_ERROR;
				GCC_WARN_UNDECLARED_SELECTOR = YES;
				GCC_WARN_UNINITIALIZED_AUTOS = YES_AGGRESSIVE;
				GCC_WARN_UNUSED_FUNCTION = YES;
				GCC_WARN_UNUSED_VARIABLE = YES;
				IPHONEOS_DEPLOYMENT_TARGET = 10.0;
				MTL_ENABLE_DEBUG_INFO = YES;
				ONLY_ACTIVE_ARCH = YES;
				SDKROOT = iphoneos;
				SWIFT_ACTIVE_COMPILATION_CONDITIONS = DEBUG;
				SWIFT_OPTIMIZATION_LEVEL = "-Onone";
			};
			name = Debug;
		};
		E51ABA6C1EC7C34C008C2E6C /* Release */ = {
			isa = XCBuildConfiguration;
			buildSettings = {
				ALWAYS_SEARCH_USER_PATHS = NO;
				CLANG_ANALYZER_NONNULL = YES;
				CLANG_ANALYZER_NUMBER_OBJECT_CONVERSION = YES_AGGRESSIVE;
				CLANG_CXX_LANGUAGE_STANDARD = "gnu++0x";
				CLANG_CXX_LIBRARY = "libc++";
				CLANG_ENABLE_MODULES = YES;
				CLANG_ENABLE_OBJC_ARC = YES;
				CLANG_WARN_BOOL_CONVERSION = YES;
				CLANG_WARN_CONSTANT_CONVERSION = YES;
				CLANG_WARN_DIRECT_OBJC_ISA_USAGE = YES_ERROR;
				CLANG_WARN_DOCUMENTATION_COMMENTS = YES;
				CLANG_WARN_EMPTY_BODY = YES;
				CLANG_WARN_ENUM_CONVERSION = YES;
				CLANG_WARN_INFINITE_RECURSION = YES;
				CLANG_WARN_INT_CONVERSION = YES;
				CLANG_WARN_OBJC_ROOT_CLASS = YES_ERROR;
				CLANG_WARN_SUSPICIOUS_MOVE = YES;
				CLANG_WARN_UNREACHABLE_CODE = YES;
				CLANG_WARN__DUPLICATE_METHOD_MATCH = YES;
				"CODE_SIGN_IDENTITY[sdk=iphoneos*]" = "iPhone Developer";
				COPY_PHASE_STRIP = NO;
				DEBUG_INFORMATION_FORMAT = "dwarf-with-dsym";
				ENABLE_NS_ASSERTIONS = NO;
				ENABLE_STRICT_OBJC_MSGSEND = YES;
				GCC_C_LANGUAGE_STANDARD = gnu99;
				GCC_NO_COMMON_BLOCKS = YES;
				GCC_WARN_64_TO_32_BIT_CONVERSION = YES;
				GCC_WARN_ABOUT_RETURN_TYPE = YES_ERROR;
				GCC_WARN_UNDECLARED_SELECTOR = YES;
				GCC_WARN_UNINITIALIZED_AUTOS = YES_AGGRESSIVE;
				GCC_WARN_UNUSED_FUNCTION = YES;
				GCC_WARN_UNUSED_VARIABLE = YES;
				IPHONEOS_DEPLOYMENT_TARGET = 10.0;
				MTL_ENABLE_DEBUG_INFO = NO;
				SDKROOT = iphoneos;
				SWIFT_OPTIMIZATION_LEVEL = "-Owholemodule";
				VALIDATE_PRODUCT = YES;
			};
			name = Release;
		};
		E51ABA6E1EC7C34C008C2E6C /* Debug */ = {
			isa = XCBuildConfiguration;
			baseConfigurationReference = C0EDF73154F751C88D6D4907 /* Pods-sell.it.easy.debug.xcconfig */;
			buildSettings = {
				ASSETCATALOG_COMPILER_APPICON_NAME = AppIcon;
				CLANG_ENABLE_MODULES = YES;
				DEVELOPMENT_TEAM = 59SH2VU4Z2;
				FRAMEWORK_SEARCH_PATHS = (
					"$(inherited)",
					"$(PROJECT_DIR)/build/Debug-iphoneos/Charts",
					"$(PROJECT_DIR)/build/Debug-iphoneos/FSCalendar",
				);
				INFOPLIST_FILE = sell.it.easy/Info.plist;
				LD_RUNPATH_SEARCH_PATHS = "$(inherited) @executable_path/Frameworks";
				PRODUCT_BUNDLE_IDENTIFIER = "com.dmd.sell-it-easy";
				PRODUCT_NAME = "$(TARGET_NAME)";
				SWIFT_OBJC_BRIDGING_HEADER = "sell.it.easy/sell.it.easy-Bridging-Header.h";
				SWIFT_OPTIMIZATION_LEVEL = "-Onone";
				SWIFT_VERSION = 3.0;
			};
			name = Debug;
		};
		E51ABA6F1EC7C34C008C2E6C /* Release */ = {
			isa = XCBuildConfiguration;
			baseConfigurationReference = 6559D8BC86A905B002DC984C /* Pods-sell.it.easy.release.xcconfig */;
			buildSettings = {
				ASSETCATALOG_COMPILER_APPICON_NAME = AppIcon;
				CLANG_ENABLE_MODULES = YES;
				DEVELOPMENT_TEAM = 59SH2VU4Z2;
				FRAMEWORK_SEARCH_PATHS = (
					"$(inherited)",
					"$(PROJECT_DIR)/build/Debug-iphoneos/Charts",
					"$(PROJECT_DIR)/build/Debug-iphoneos/FSCalendar",
				);
				INFOPLIST_FILE = sell.it.easy/Info.plist;
				LD_RUNPATH_SEARCH_PATHS = "$(inherited) @executable_path/Frameworks";
				PRODUCT_BUNDLE_IDENTIFIER = "com.dmd.sell-it-easy";
				PRODUCT_NAME = "$(TARGET_NAME)";
				SWIFT_OBJC_BRIDGING_HEADER = "sell.it.easy/sell.it.easy-Bridging-Header.h";
				SWIFT_VERSION = 3.0;
			};
			name = Release;
		};
/* End XCBuildConfiguration section */

/* Begin XCConfigurationList section */
		E51ABA531EC7C34C008C2E6C /* Build configuration list for PBXProject "sell.it.easy" */ = {
			isa = XCConfigurationList;
			buildConfigurations = (
				E51ABA6B1EC7C34C008C2E6C /* Debug */,
				E51ABA6C1EC7C34C008C2E6C /* Release */,
			);
			defaultConfigurationIsVisible = 0;
			defaultConfigurationName = Release;
		};
		E51ABA6D1EC7C34C008C2E6C /* Build configuration list for PBXNativeTarget "sell.it.easy" */ = {
			isa = XCConfigurationList;
			buildConfigurations = (
				E51ABA6E1EC7C34C008C2E6C /* Debug */,
				E51ABA6F1EC7C34C008C2E6C /* Release */,
			);
			defaultConfigurationIsVisible = 0;
			defaultConfigurationName = Release;
		};
/* End XCConfigurationList section */

/* Begin XCVersionGroup section */
		E5FCEDDE1F40C453000D1FFB /* sell_it_easy.xcdatamodeld */ = {
			isa = XCVersionGroup;
			children = (
				E5FCEDDF1F40C453000D1FFB /* sell_it_easy.xcdatamodel */,
			);
			currentVersion = E5FCEDDF1F40C453000D1FFB /* sell_it_easy.xcdatamodel */;
			path = sell_it_easy.xcdatamodeld;
			sourceTree = "<group>";
			versionGroupType = wrapper.xcdatamodel;
		};
/* End XCVersionGroup section */
	};
	rootObject = E51ABA501EC7C34C008C2E6C /* Project object */;
}
